// !$*UTF8*$!
{
	archiveVersion = 1;
	classes = {
	};
	objectVersion = 46;
	objects = {

/* Begin PBXBuildFile section */
		4C01B49F1693DBC70064AD49 /* HBJSONSerialization_Test.m in Sources */ = {isa = PBXBuildFile; fileRef = 4C01B49E1693DBC70064AD49 /* HBJSONSerialization_Test.m */; };
		4C01B4A11693E0F00064AD49 /* HBJSONSerialization_TestCases.plist in Resources */ = {isa = PBXBuildFile; fileRef = 4C01B4A01693E0F00064AD49 /* HBJSONSerialization_TestCases.plist */; };
		4C01B4A41693FB510064AD49 /* HBNamespace.m in Sources */ = {isa = PBXBuildFile; fileRef = 4C01B4A31693FB510064AD49 /* HBNamespace.m */; };
		4C01B4A8169407C20064AD49 /* NSObject+BridgedAPI.m in Sources */ = {isa = PBXBuildFile; fileRef = 4C01B4A7169407C20064AD49 /* NSObject+BridgedAPI.m */; };
		4C01B4AB16940D0C0064AD49 /* HBInvocationContext.m in Sources */ = {isa = PBXBuildFile; fileRef = 4C01B4AA16940D0C0064AD49 /* HBInvocationContext.m */; };
		4C01B4BB1695494F0064AD49 /* HBBridgedObjectManager.m in Sources */ = {isa = PBXBuildFile; fileRef = 4C01B4BA1695494F0064AD49 /* HBBridgedObjectManager.m */; };
		4C01B4BE16954C890064AD49 /* HBBridgedObjectManager_Test.m in Sources */ = {isa = PBXBuildFile; fileRef = 4C01B4BD16954C890064AD49 /* HBBridgedObjectManager_Test.m */; };
		4C01B4C116954ED20064AD49 /* HBBridgedObjectManager+BridgedAPI.m in Sources */ = {isa = PBXBuildFile; fileRef = 4C01B4C016954ED20064AD49 /* HBBridgedObjectManager+BridgedAPI.m */; };
		4C01B4CB169560960064AD49 /* UIViewController+BridgedAPI.m in Sources */ = {isa = PBXBuildFile; fileRef = 4C01B4CA169560960064AD49 /* UIViewController+BridgedAPI.m */; };
		4C01B4D516958CC00064AD49 /* HBBridgedClass.m in Sources */ = {isa = PBXBuildFile; fileRef = 4C01B4D416958CC00064AD49 /* HBBridgedClass.m */; };
		4C01B4D816958DFD0064AD49 /* HBBridgedClass+BridgedAPI.m in Sources */ = {isa = PBXBuildFile; fileRef = 4C01B4D716958DFD0064AD49 /* HBBridgedClass+BridgedAPI.m */; };
		4C01B4DA1695C1A30064AD49 /* BridgedClasses.plist in Resources */ = {isa = PBXBuildFile; fileRef = 4C01B4D91695C1A30064AD49 /* BridgedClasses.plist */; };
		4C01B4DF1695C4110064AD49 /* UINavigationController+BridgedAPI.m in Sources */ = {isa = PBXBuildFile; fileRef = 4C01B4DE1695C4110064AD49 /* UINavigationController+BridgedAPI.m */; };
		4C66081816981A7E003C3852 /* HBExecutionUnit+BridgedAPI.m in Sources */ = {isa = PBXBuildFile; fileRef = 4C66081716981A7D003C3852 /* HBExecutionUnit+BridgedAPI.m */; };
		4C690781169036E600132B2E /* UIKit.framework in Frameworks */ = {isa = PBXBuildFile; fileRef = 4C690780169036E600132B2E /* UIKit.framework */; };
		4C690783169036E600132B2E /* Foundation.framework in Frameworks */ = {isa = PBXBuildFile; fileRef = 4C690782169036E600132B2E /* Foundation.framework */; };
		4C690785169036E600132B2E /* CoreGraphics.framework in Frameworks */ = {isa = PBXBuildFile; fileRef = 4C690784169036E600132B2E /* CoreGraphics.framework */; };
		4C69078B169036E600132B2E /* InfoPlist.strings in Resources */ = {isa = PBXBuildFile; fileRef = 4C690789169036E600132B2E /* InfoPlist.strings */; };
		4C69078D169036E600132B2E /* main.m in Sources */ = {isa = PBXBuildFile; fileRef = 4C69078C169036E600132B2E /* main.m */; };
		4C690791169036E600132B2E /* HBAppDelegate.m in Sources */ = {isa = PBXBuildFile; fileRef = 4C690790169036E600132B2E /* HBAppDelegate.m */; };
		4C690793169036E600132B2E /* Default.png in Resources */ = {isa = PBXBuildFile; fileRef = 4C690792169036E600132B2E /* Default.png */; };
		4C690795169036E600132B2E /* Default@2x.png in Resources */ = {isa = PBXBuildFile; fileRef = 4C690794169036E600132B2E /* Default@2x.png */; };
		4C690797169036E600132B2E /* Default-568h@2x.png in Resources */ = {isa = PBXBuildFile; fileRef = 4C690796169036E600132B2E /* Default-568h@2x.png */; };
		4C69079F169036E600132B2E /* SenTestingKit.framework in Frameworks */ = {isa = PBXBuildFile; fileRef = 4C69079E169036E600132B2E /* SenTestingKit.framework */; };
		4C6907A0169036E600132B2E /* UIKit.framework in Frameworks */ = {isa = PBXBuildFile; fileRef = 4C690780169036E600132B2E /* UIKit.framework */; };
		4C6907A1169036E600132B2E /* Foundation.framework in Frameworks */ = {isa = PBXBuildFile; fileRef = 4C690782169036E600132B2E /* Foundation.framework */; };
		4C6907A9169036E600132B2E /* InfoPlist.strings in Resources */ = {isa = PBXBuildFile; fileRef = 4C6907A7169036E600132B2E /* InfoPlist.strings */; };
		4C6907AC169036E600132B2E /* HoriBrowserTests.m in Sources */ = {isa = PBXBuildFile; fileRef = 4C6907AB169036E600132B2E /* HoriBrowserTests.m */; };
		4C6907B816907A3900132B2E /* HBExecutionUnit.m in Sources */ = {isa = PBXBuildFile; fileRef = 4C6907B716907A3900132B2E /* HBExecutionUnit.m */; };
		4C6907BB16907A9B00132B2E /* HBConfiguration.m in Sources */ = {isa = PBXBuildFile; fileRef = 4C6907BA16907A9B00132B2E /* HBConfiguration.m */; };
		4C6907CA1693D7BD00132B2E /* HBJSONSerialization.m in Sources */ = {isa = PBXBuildFile; fileRef = 4C6907C91693D7BD00132B2E /* HBJSONSerialization.m */; };
		4CB19C141696F42E003083FF /* HBUtil.m in Sources */ = {isa = PBXBuildFile; fileRef = 4CB19C131696F42E003083FF /* HBUtil.m */; };
		4CB19C1716972645003083FF /* HoriBridge.js in Resources */ = {isa = PBXBuildFile; fileRef = 4CB19C1616972645003083FF /* HoriBridge.js */; };
		4CB8F18A169ADD4D0089163F /* HBCallback.m in Sources */ = {isa = PBXBuildFile; fileRef = 4CB8F189169ADD4D0089163F /* HBCallback.m */; };
		4CB8F18E169AEA200089163F /* HBObjectNormalizer.m in Sources */ = {isa = PBXBuildFile; fileRef = 4CB8F18D169AEA200089163F /* HBObjectNormalizer.m */; };
/* End PBXBuildFile section */

/* Begin PBXContainerItemProxy section */
		4C6907A2169036E600132B2E /* PBXContainerItemProxy */ = {
			isa = PBXContainerItemProxy;
			containerPortal = 4C690773169036E600132B2E /* Project object */;
			proxyType = 1;
			remoteGlobalIDString = 4C69077B169036E600132B2E;
			remoteInfo = HoriBrowser;
		};
/* End PBXContainerItemProxy section */

/* Begin PBXFileReference section */
		4C01B49D1693DBC70064AD49 /* HBJSONSerialization_Test.h */ = {isa = PBXFileReference; fileEncoding = 4; lastKnownFileType = sourcecode.c.h; path = HBJSONSerialization_Test.h; sourceTree = "<group>"; };
		4C01B49E1693DBC70064AD49 /* HBJSONSerialization_Test.m */ = {isa = PBXFileReference; fileEncoding = 4; lastKnownFileType = sourcecode.c.objc; path = HBJSONSerialization_Test.m; sourceTree = "<group>"; };
		4C01B4A01693E0F00064AD49 /* HBJSONSerialization_TestCases.plist */ = {isa = PBXFileReference; fileEncoding = 4; lastKnownFileType = text.plist.xml; path = HBJSONSerialization_TestCases.plist; sourceTree = "<group>"; };
		4C01B4A21693FB510064AD49 /* HBNamespace.h */ = {isa = PBXFileReference; fileEncoding = 4; lastKnownFileType = sourcecode.c.h; path = HBNamespace.h; sourceTree = "<group>"; };
		4C01B4A31693FB510064AD49 /* HBNamespace.m */ = {isa = PBXFileReference; fileEncoding = 4; lastKnownFileType = sourcecode.c.objc; path = HBNamespace.m; sourceTree = "<group>"; };
		4C01B4A6169407C10064AD49 /* NSObject+BridgedAPI.h */ = {isa = PBXFileReference; fileEncoding = 4; lastKnownFileType = sourcecode.c.h; path = "NSObject+BridgedAPI.h"; sourceTree = "<group>"; };
		4C01B4A7169407C20064AD49 /* NSObject+BridgedAPI.m */ = {isa = PBXFileReference; fileEncoding = 4; lastKnownFileType = sourcecode.c.objc; path = "NSObject+BridgedAPI.m"; sourceTree = "<group>"; };
		4C01B4A916940D0C0064AD49 /* HBInvocationContext.h */ = {isa = PBXFileReference; fileEncoding = 4; lastKnownFileType = sourcecode.c.h; path = HBInvocationContext.h; sourceTree = "<group>"; };
		4C01B4AA16940D0C0064AD49 /* HBInvocationContext.m */ = {isa = PBXFileReference; fileEncoding = 4; lastKnownFileType = sourcecode.c.objc; path = HBInvocationContext.m; sourceTree = "<group>"; };
		4C01B4B91695494F0064AD49 /* HBBridgedObjectManager.h */ = {isa = PBXFileReference; fileEncoding = 4; lastKnownFileType = sourcecode.c.h; path = HBBridgedObjectManager.h; sourceTree = "<group>"; };
		4C01B4BA1695494F0064AD49 /* HBBridgedObjectManager.m */ = {isa = PBXFileReference; fileEncoding = 4; lastKnownFileType = sourcecode.c.objc; path = HBBridgedObjectManager.m; sourceTree = "<group>"; };
		4C01B4BC16954C890064AD49 /* HBBridgedObjectManager_Test.h */ = {isa = PBXFileReference; fileEncoding = 4; lastKnownFileType = sourcecode.c.h; path = HBBridgedObjectManager_Test.h; sourceTree = "<group>"; };
		4C01B4BD16954C890064AD49 /* HBBridgedObjectManager_Test.m */ = {isa = PBXFileReference; fileEncoding = 4; lastKnownFileType = sourcecode.c.objc; path = HBBridgedObjectManager_Test.m; sourceTree = "<group>"; };
		4C01B4BF16954ED20064AD49 /* HBBridgedObjectManager+BridgedAPI.h */ = {isa = PBXFileReference; fileEncoding = 4; lastKnownFileType = sourcecode.c.h; path = "HBBridgedObjectManager+BridgedAPI.h"; sourceTree = "<group>"; };
		4C01B4C016954ED20064AD49 /* HBBridgedObjectManager+BridgedAPI.m */ = {isa = PBXFileReference; fileEncoding = 4; lastKnownFileType = sourcecode.c.objc; path = "HBBridgedObjectManager+BridgedAPI.m"; sourceTree = "<group>"; };
		4C01B4C9169560960064AD49 /* UIViewController+BridgedAPI.h */ = {isa = PBXFileReference; fileEncoding = 4; lastKnownFileType = sourcecode.c.h; path = "UIViewController+BridgedAPI.h"; sourceTree = "<group>"; };
		4C01B4CA169560960064AD49 /* UIViewController+BridgedAPI.m */ = {isa = PBXFileReference; fileEncoding = 4; lastKnownFileType = sourcecode.c.objc; path = "UIViewController+BridgedAPI.m"; sourceTree = "<group>"; };
		4C01B4D316958CBF0064AD49 /* HBBridgedClass.h */ = {isa = PBXFileReference; fileEncoding = 4; lastKnownFileType = sourcecode.c.h; path = HBBridgedClass.h; sourceTree = "<group>"; };
		4C01B4D416958CC00064AD49 /* HBBridgedClass.m */ = {isa = PBXFileReference; fileEncoding = 4; lastKnownFileType = sourcecode.c.objc; path = HBBridgedClass.m; sourceTree = "<group>"; };
		4C01B4D616958DFD0064AD49 /* HBBridgedClass+BridgedAPI.h */ = {isa = PBXFileReference; fileEncoding = 4; lastKnownFileType = sourcecode.c.h; path = "HBBridgedClass+BridgedAPI.h"; sourceTree = "<group>"; };
		4C01B4D716958DFD0064AD49 /* HBBridgedClass+BridgedAPI.m */ = {isa = PBXFileReference; fileEncoding = 4; lastKnownFileType = sourcecode.c.objc; path = "HBBridgedClass+BridgedAPI.m"; sourceTree = "<group>"; };
		4C01B4D91695C1A30064AD49 /* BridgedClasses.plist */ = {isa = PBXFileReference; fileEncoding = 4; lastKnownFileType = text.plist.xml; path = BridgedClasses.plist; sourceTree = "<group>"; };
		4C01B4DD1695C4110064AD49 /* UINavigationController+BridgedAPI.h */ = {isa = PBXFileReference; fileEncoding = 4; lastKnownFileType = sourcecode.c.h; path = "UINavigationController+BridgedAPI.h"; sourceTree = "<group>"; };
		4C01B4DE1695C4110064AD49 /* UINavigationController+BridgedAPI.m */ = {isa = PBXFileReference; fileEncoding = 4; lastKnownFileType = sourcecode.c.objc; path = "UINavigationController+BridgedAPI.m"; sourceTree = "<group>"; };
		4C01B4E41695E8730064AD49 /* HBInstantiatable.h */ = {isa = PBXFileReference; lastKnownFileType = sourcecode.c.h; path = HBInstantiatable.h; sourceTree = "<group>"; };
		4C66081616981A7D003C3852 /* HBExecutionUnit+BridgedAPI.h */ = {isa = PBXFileReference; fileEncoding = 4; lastKnownFileType = sourcecode.c.h; path = "HBExecutionUnit+BridgedAPI.h"; sourceTree = "<group>"; };
		4C66081716981A7D003C3852 /* HBExecutionUnit+BridgedAPI.m */ = {isa = PBXFileReference; fileEncoding = 4; lastKnownFileType = sourcecode.c.objc; path = "HBExecutionUnit+BridgedAPI.m"; sourceTree = "<group>"; };
		4C69077C169036E600132B2E /* HoriBrowser.app */ = {isa = PBXFileReference; explicitFileType = wrapper.application; includeInIndex = 0; path = HoriBrowser.app; sourceTree = BUILT_PRODUCTS_DIR; };
		4C690780169036E600132B2E /* UIKit.framework */ = {isa = PBXFileReference; lastKnownFileType = wrapper.framework; name = UIKit.framework; path = System/Library/Frameworks/UIKit.framework; sourceTree = SDKROOT; };
		4C690782169036E600132B2E /* Foundation.framework */ = {isa = PBXFileReference; lastKnownFileType = wrapper.framework; name = Foundation.framework; path = System/Library/Frameworks/Foundation.framework; sourceTree = SDKROOT; };
		4C690784169036E600132B2E /* CoreGraphics.framework */ = {isa = PBXFileReference; lastKnownFileType = wrapper.framework; name = CoreGraphics.framework; path = System/Library/Frameworks/CoreGraphics.framework; sourceTree = SDKROOT; };
		4C690788169036E600132B2E /* HoriBrowser-Info.plist */ = {isa = PBXFileReference; lastKnownFileType = text.plist.xml; path = "HoriBrowser-Info.plist"; sourceTree = "<group>"; };
		4C69078A169036E600132B2E /* en */ = {isa = PBXFileReference; lastKnownFileType = text.plist.strings; name = en; path = en.lproj/InfoPlist.strings; sourceTree = "<group>"; };
		4C69078C169036E600132B2E /* main.m */ = {isa = PBXFileReference; lastKnownFileType = sourcecode.c.objc; path = main.m; sourceTree = "<group>"; };
		4C69078E169036E600132B2E /* HoriBrowser-Prefix.pch */ = {isa = PBXFileReference; lastKnownFileType = sourcecode.c.h; path = "HoriBrowser-Prefix.pch"; sourceTree = "<group>"; };
		4C69078F169036E600132B2E /* HBAppDelegate.h */ = {isa = PBXFileReference; lastKnownFileType = sourcecode.c.h; path = HBAppDelegate.h; sourceTree = "<group>"; };
		4C690790169036E600132B2E /* HBAppDelegate.m */ = {isa = PBXFileReference; lastKnownFileType = sourcecode.c.objc; path = HBAppDelegate.m; sourceTree = "<group>"; };
		4C690792169036E600132B2E /* Default.png */ = {isa = PBXFileReference; lastKnownFileType = image.png; path = Default.png; sourceTree = "<group>"; };
		4C690794169036E600132B2E /* Default@2x.png */ = {isa = PBXFileReference; lastKnownFileType = image.png; path = "Default@2x.png"; sourceTree = "<group>"; };
		4C690796169036E600132B2E /* Default-568h@2x.png */ = {isa = PBXFileReference; lastKnownFileType = image.png; path = "Default-568h@2x.png"; sourceTree = "<group>"; };
		4C69079D169036E600132B2E /* HoriBrowserTests.octest */ = {isa = PBXFileReference; explicitFileType = wrapper.cfbundle; includeInIndex = 0; path = HoriBrowserTests.octest; sourceTree = BUILT_PRODUCTS_DIR; };
		4C69079E169036E600132B2E /* SenTestingKit.framework */ = {isa = PBXFileReference; lastKnownFileType = wrapper.framework; name = SenTestingKit.framework; path = Library/Frameworks/SenTestingKit.framework; sourceTree = DEVELOPER_DIR; };
		4C6907A6169036E600132B2E /* HoriBrowserTests-Info.plist */ = {isa = PBXFileReference; lastKnownFileType = text.plist.xml; path = "HoriBrowserTests-Info.plist"; sourceTree = "<group>"; };
		4C6907A8169036E600132B2E /* en */ = {isa = PBXFileReference; lastKnownFileType = text.plist.strings; name = en; path = en.lproj/InfoPlist.strings; sourceTree = "<group>"; };
		4C6907AA169036E600132B2E /* HoriBrowserTests.h */ = {isa = PBXFileReference; lastKnownFileType = sourcecode.c.h; path = HoriBrowserTests.h; sourceTree = "<group>"; };
		4C6907AB169036E600132B2E /* HoriBrowserTests.m */ = {isa = PBXFileReference; lastKnownFileType = sourcecode.c.objc; path = HoriBrowserTests.m; sourceTree = "<group>"; };
		4C6907B616907A3900132B2E /* HBExecutionUnit.h */ = {isa = PBXFileReference; fileEncoding = 4; lastKnownFileType = sourcecode.c.h; path = HBExecutionUnit.h; sourceTree = "<group>"; };
		4C6907B716907A3900132B2E /* HBExecutionUnit.m */ = {isa = PBXFileReference; fileEncoding = 4; lastKnownFileType = sourcecode.c.objc; path = HBExecutionUnit.m; sourceTree = "<group>"; };
		4C6907B916907A9B00132B2E /* HBConfiguration.h */ = {isa = PBXFileReference; fileEncoding = 4; lastKnownFileType = sourcecode.c.h; path = HBConfiguration.h; sourceTree = "<group>"; };
		4C6907BA16907A9B00132B2E /* HBConfiguration.m */ = {isa = PBXFileReference; fileEncoding = 4; lastKnownFileType = sourcecode.c.objc; path = HBConfiguration.m; sourceTree = "<group>"; };
		4C6907C81693D7BD00132B2E /* HBJSONSerialization.h */ = {isa = PBXFileReference; fileEncoding = 4; lastKnownFileType = sourcecode.c.h; path = HBJSONSerialization.h; sourceTree = "<group>"; };
		4C6907C91693D7BD00132B2E /* HBJSONSerialization.m */ = {isa = PBXFileReference; fileEncoding = 4; lastKnownFileType = sourcecode.c.objc; path = HBJSONSerialization.m; sourceTree = "<group>"; };
		4CB19C121696F42E003083FF /* HBUtil.h */ = {isa = PBXFileReference; fileEncoding = 4; lastKnownFileType = sourcecode.c.h; path = HBUtil.h; sourceTree = "<group>"; };
		4CB19C131696F42E003083FF /* HBUtil.m */ = {isa = PBXFileReference; fileEncoding = 4; lastKnownFileType = sourcecode.c.objc; path = HBUtil.m; sourceTree = "<group>"; };
		4CB19C1616972645003083FF /* HoriBridge.js */ = {isa = PBXFileReference; fileEncoding = 4; lastKnownFileType = sourcecode.javascript; path = HoriBridge.js; sourceTree = "<group>"; };
		4CB8F188169ADD4D0089163F /* HBCallback.h */ = {isa = PBXFileReference; fileEncoding = 4; lastKnownFileType = sourcecode.c.h; path = HBCallback.h; sourceTree = "<group>"; };
		4CB8F189169ADD4D0089163F /* HBCallback.m */ = {isa = PBXFileReference; fileEncoding = 4; lastKnownFileType = sourcecode.c.objc; path = HBCallback.m; sourceTree = "<group>"; };
		4CB8F18C169AEA200089163F /* HBObjectNormalizer.h */ = {isa = PBXFileReference; fileEncoding = 4; lastKnownFileType = sourcecode.c.h; path = HBObjectNormalizer.h; sourceTree = "<group>"; };
		4CB8F18D169AEA200089163F /* HBObjectNormalizer.m */ = {isa = PBXFileReference; fileEncoding = 4; lastKnownFileType = sourcecode.c.objc; path = HBObjectNormalizer.m; sourceTree = "<group>"; };
/* End PBXFileReference section */

/* Begin PBXFrameworksBuildPhase section */
		4C690779169036E600132B2E /* Frameworks */ = {
			isa = PBXFrameworksBuildPhase;
			buildActionMask = 2147483647;
			files = (
				4C690781169036E600132B2E /* UIKit.framework in Frameworks */,
				4C690783169036E600132B2E /* Foundation.framework in Frameworks */,
				4C690785169036E600132B2E /* CoreGraphics.framework in Frameworks */,
			);
			runOnlyForDeploymentPostprocessing = 0;
		};
		4C690799169036E600132B2E /* Frameworks */ = {
			isa = PBXFrameworksBuildPhase;
			buildActionMask = 2147483647;
			files = (
				4C69079F169036E600132B2E /* SenTestingKit.framework in Frameworks */,
				4C6907A0169036E600132B2E /* UIKit.framework in Frameworks */,
				4C6907A1169036E600132B2E /* Foundation.framework in Frameworks */,
			);
			runOnlyForDeploymentPostprocessing = 0;
		};
/* End PBXFrameworksBuildPhase section */

/* Begin PBXGroup section */
		4C01B49B1693DB680064AD49 /* UnitTests */ = {
			isa = PBXGroup;
			children = (
				4C01B49D1693DBC70064AD49 /* HBJSONSerialization_Test.h */,
				4C01B49E1693DBC70064AD49 /* HBJSONSerialization_Test.m */,
				4C01B4A01693E0F00064AD49 /* HBJSONSerialization_TestCases.plist */,
				4C01B4BC16954C890064AD49 /* HBBridgedObjectManager_Test.h */,
				4C01B4BD16954C890064AD49 /* HBBridgedObjectManager_Test.m */,
			);
			path = UnitTests;
			sourceTree = "<group>";
		};
		4C01B4AC169417E80064AD49 /* Resource */ = {
			isa = PBXGroup;
			children = (
				4CB19C1616972645003083FF /* HoriBridge.js */,
				4C01B4D91695C1A30064AD49 /* BridgedClasses.plist */,
			);
			path = Resource;
			sourceTree = "<group>";
		};
		4C01B4B41695469F0064AD49 /* BridgedObjects */ = {
			isa = PBXGroup;
			children = (
				4C01B4E41695E8730064AD49 /* HBInstantiatable.h */,
				4C01B4DB1695C3A40064AD49 /* BridgedClasses */,
				4C01B4B5169548C00064AD49 /* System */,
			);
			path = BridgedObjects;
			sourceTree = "<group>";
		};
		4C01B4B5169548C00064AD49 /* System */ = {
			isa = PBXGroup;
			children = (
				4C01B4BF16954ED20064AD49 /* HBBridgedObjectManager+BridgedAPI.h */,
				4C01B4C016954ED20064AD49 /* HBBridgedObjectManager+BridgedAPI.m */,
				4C01B4D616958DFD0064AD49 /* HBBridgedClass+BridgedAPI.h */,
				4C01B4D716958DFD0064AD49 /* HBBridgedClass+BridgedAPI.m */,
			);
			path = System;
			sourceTree = "<group>";
		};
		4C01B4DB1695C3A40064AD49 /* BridgedClasses */ = {
			isa = PBXGroup;
			children = (
				4C01B4A6169407C10064AD49 /* NSObject+BridgedAPI.h */,
				4C01B4A7169407C20064AD49 /* NSObject+BridgedAPI.m */,
				4C01B4DD1695C4110064AD49 /* UINavigationController+BridgedAPI.h */,
				4C01B4DE1695C4110064AD49 /* UINavigationController+BridgedAPI.m */,
				4C01B4C9169560960064AD49 /* UIViewController+BridgedAPI.h */,
				4C01B4CA169560960064AD49 /* UIViewController+BridgedAPI.m */,
				4C66081616981A7D003C3852 /* HBExecutionUnit+BridgedAPI.h */,
				4C66081716981A7D003C3852 /* HBExecutionUnit+BridgedAPI.m */,
			);
			path = BridgedClasses;
			sourceTree = "<group>";
		};
		4C690771169036E600132B2E = {
			isa = PBXGroup;
			children = (
				4C690786169036E600132B2E /* HoriBrowser */,
				4C6907A4169036E600132B2E /* HoriBrowserTests */,
				4C69077F169036E600132B2E /* Frameworks */,
				4C69077D169036E600132B2E /* Products */,
			);
			sourceTree = "<group>";
		};
		4C69077D169036E600132B2E /* Products */ = {
			isa = PBXGroup;
			children = (
				4C69077C169036E600132B2E /* HoriBrowser.app */,
				4C69079D169036E600132B2E /* HoriBrowserTests.octest */,
			);
			name = Products;
			sourceTree = "<group>";
		};
		4C69077F169036E600132B2E /* Frameworks */ = {
			isa = PBXGroup;
			children = (
				4C690780169036E600132B2E /* UIKit.framework */,
				4C690782169036E600132B2E /* Foundation.framework */,
				4C690784169036E600132B2E /* CoreGraphics.framework */,
				4C69079E169036E600132B2E /* SenTestingKit.framework */,
			);
			name = Frameworks;
			sourceTree = "<group>";
		};
		4C690786169036E600132B2E /* HoriBrowser */ = {
			isa = PBXGroup;
			children = (
				4C01B4AC169417E80064AD49 /* Resource */,
				4C6907B5169036F500132B2E /* Source */,
				4C69078F169036E600132B2E /* HBAppDelegate.h */,
				4C690790169036E600132B2E /* HBAppDelegate.m */,
				4C690787169036E600132B2E /* Supporting Files */,
			);
			path = HoriBrowser;
			sourceTree = "<group>";
		};
		4C690787169036E600132B2E /* Supporting Files */ = {
			isa = PBXGroup;
			children = (
				4C690788169036E600132B2E /* HoriBrowser-Info.plist */,
				4C690789169036E600132B2E /* InfoPlist.strings */,
				4C69078C169036E600132B2E /* main.m */,
				4C69078E169036E600132B2E /* HoriBrowser-Prefix.pch */,
				4C690792169036E600132B2E /* Default.png */,
				4C690794169036E600132B2E /* Default@2x.png */,
				4C690796169036E600132B2E /* Default-568h@2x.png */,
			);
			name = "Supporting Files";
			sourceTree = "<group>";
		};
		4C6907A4169036E600132B2E /* HoriBrowserTests */ = {
			isa = PBXGroup;
			children = (
				4C01B49B1693DB680064AD49 /* UnitTests */,
				4C6907C016928EFF00132B2E /* LearningTests */,
				4C6907AA169036E600132B2E /* HoriBrowserTests.h */,
				4C6907AB169036E600132B2E /* HoriBrowserTests.m */,
				4C6907A5169036E600132B2E /* Supporting Files */,
			);
			path = HoriBrowserTests;
			sourceTree = "<group>";
		};
		4C6907A5169036E600132B2E /* Supporting Files */ = {
			isa = PBXGroup;
			children = (
				4C6907A6169036E600132B2E /* HoriBrowserTests-Info.plist */,
				4C6907A7169036E600132B2E /* InfoPlist.strings */,
			);
			name = "Supporting Files";
			sourceTree = "<group>";
		};
		4C6907B5169036F500132B2E /* Source */ = {
			isa = PBXGroup;
			children = (
				4C01B4B41695469F0064AD49 /* BridgedObjects */,
				4C6907C41693D72500132B2E /* Utility */,
				4C6907B616907A3900132B2E /* HBExecutionUnit.h */,
				4C6907B716907A3900132B2E /* HBExecutionUnit.m */,
				4CB8F18C169AEA200089163F /* HBObjectNormalizer.h */,
				4CB8F18D169AEA200089163F /* HBObjectNormalizer.m */,
				4C01B4A916940D0C0064AD49 /* HBInvocationContext.h */,
				4C01B4AA16940D0C0064AD49 /* HBInvocationContext.m */,
				4CB8F188169ADD4D0089163F /* HBCallback.h */,
				4CB8F189169ADD4D0089163F /* HBCallback.m */,
				4C01B4B91695494F0064AD49 /* HBBridgedObjectManager.h */,
				4C01B4BA1695494F0064AD49 /* HBBridgedObjectManager.m */,
				4C01B4A21693FB510064AD49 /* HBNamespace.h */,
				4C01B4A31693FB510064AD49 /* HBNamespace.m */,
				4C01B4D316958CBF0064AD49 /* HBBridgedClass.h */,
				4C01B4D416958CC00064AD49 /* HBBridgedClass.m */,
				4C6907B916907A9B00132B2E /* HBConfiguration.h */,
				4C6907BA16907A9B00132B2E /* HBConfiguration.m */,
			);
			path = Source;
			sourceTree = "<group>";
		};
		4C6907C016928EFF00132B2E /* LearningTests */ = {
			isa = PBXGroup;
			children = (
			);
			path = LearningTests;
			sourceTree = "<group>";
		};
		4C6907C41693D72500132B2E /* Utility */ = {
			isa = PBXGroup;
			children = (
				4C6907C81693D7BD00132B2E /* HBJSONSerialization.h */,
				4C6907C91693D7BD00132B2E /* HBJSONSerialization.m */,
				4CB19C121696F42E003083FF /* HBUtil.h */,
				4CB19C131696F42E003083FF /* HBUtil.m */,
			);
			path = Utility;
			sourceTree = "<group>";
		};
/* End PBXGroup section */

/* Begin PBXNativeTarget section */
		4C69077B169036E600132B2E /* HoriBrowser */ = {
			isa = PBXNativeTarget;
			buildConfigurationList = 4C6907AF169036E600132B2E /* Build configuration list for PBXNativeTarget "HoriBrowser" */;
			buildPhases = (
				4C690778169036E600132B2E /* Sources */,
				4C690779169036E600132B2E /* Frameworks */,
				4C69077A169036E600132B2E /* Resources */,
			);
			buildRules = (
			);
			dependencies = (
			);
			name = HoriBrowser;
			productName = HoriBrowser;
			productReference = 4C69077C169036E600132B2E /* HoriBrowser.app */;
			productType = "com.apple.product-type.application";
		};
		4C69079C169036E600132B2E /* HoriBrowserTests */ = {
			isa = PBXNativeTarget;
			buildConfigurationList = 4C6907B2169036E600132B2E /* Build configuration list for PBXNativeTarget "HoriBrowserTests" */;
			buildPhases = (
				4C690798169036E600132B2E /* Sources */,
				4C690799169036E600132B2E /* Frameworks */,
				4C69079A169036E600132B2E /* Resources */,
				4C69079B169036E600132B2E /* ShellScript */,
			);
			buildRules = (
			);
			dependencies = (
				4C6907A3169036E600132B2E /* PBXTargetDependency */,
			);
			name = HoriBrowserTests;
			productName = HoriBrowserTests;
			productReference = 4C69079D169036E600132B2E /* HoriBrowserTests.octest */;
			productType = "com.apple.product-type.bundle";
		};
/* End PBXNativeTarget section */

/* Begin PBXProject section */
		4C690773169036E600132B2E /* Project object */ = {
			isa = PBXProject;
			attributes = {
				CLASSPREFIX = HB;
				LastUpgradeCheck = 0450;
				ORGANIZATIONNAME = "HoriTech Ltd.";
			};
			buildConfigurationList = 4C690776169036E600132B2E /* Build configuration list for PBXProject "HoriBrowser" */;
			compatibilityVersion = "Xcode 3.2";
			developmentRegion = English;
			hasScannedForEncodings = 0;
			knownRegions = (
				en,
			);
			mainGroup = 4C690771169036E600132B2E;
			productRefGroup = 4C69077D169036E600132B2E /* Products */;
			projectDirPath = "";
			projectRoot = "";
			targets = (
				4C69077B169036E600132B2E /* HoriBrowser */,
				4C69079C169036E600132B2E /* HoriBrowserTests */,
			);
		};
/* End PBXProject section */

/* Begin PBXResourcesBuildPhase section */
		4C69077A169036E600132B2E /* Resources */ = {
			isa = PBXResourcesBuildPhase;
			buildActionMask = 2147483647;
			files = (
				4CB19C1716972645003083FF /* HoriBridge.js in Resources */,
				4C69078B169036E600132B2E /* InfoPlist.strings in Resources */,
				4C690793169036E600132B2E /* Default.png in Resources */,
				4C690795169036E600132B2E /* Default@2x.png in Resources */,
				4C690797169036E600132B2E /* Default-568h@2x.png in Resources */,
				4C01B4DA1695C1A30064AD49 /* BridgedClasses.plist in Resources */,
			);
			runOnlyForDeploymentPostprocessing = 0;
		};
		4C69079A169036E600132B2E /* Resources */ = {
			isa = PBXResourcesBuildPhase;
			buildActionMask = 2147483647;
			files = (
				4C6907A9169036E600132B2E /* InfoPlist.strings in Resources */,
				4C01B4A11693E0F00064AD49 /* HBJSONSerialization_TestCases.plist in Resources */,
			);
			runOnlyForDeploymentPostprocessing = 0;
		};
/* End PBXResourcesBuildPhase section */

/* Begin PBXShellScriptBuildPhase section */
		4C69079B169036E600132B2E /* ShellScript */ = {
			isa = PBXShellScriptBuildPhase;
			buildActionMask = 2147483647;
			files = (
			);
			inputPaths = (
			);
			outputPaths = (
			);
			runOnlyForDeploymentPostprocessing = 0;
			shellPath = /bin/sh;
			shellScript = "# Run the unit tests in this test bundle.\n\"${SYSTEM_DEVELOPER_DIR}/Tools/RunUnitTests\"\n";
		};
/* End PBXShellScriptBuildPhase section */

/* Begin PBXSourcesBuildPhase section */
		4C690778169036E600132B2E /* Sources */ = {
			isa = PBXSourcesBuildPhase;
			buildActionMask = 2147483647;
			files = (
				4C69078D169036E600132B2E /* main.m in Sources */,
				4C690791169036E600132B2E /* HBAppDelegate.m in Sources */,
				4C6907B816907A3900132B2E /* HBExecutionUnit.m in Sources */,
				4C6907BB16907A9B00132B2E /* HBConfiguration.m in Sources */,
				4C6907CA1693D7BD00132B2E /* HBJSONSerialization.m in Sources */,
				4C01B4A41693FB510064AD49 /* HBNamespace.m in Sources */,
				4C01B4A8169407C20064AD49 /* NSObject+BridgedAPI.m in Sources */,
				4C01B4AB16940D0C0064AD49 /* HBInvocationContext.m in Sources */,
				4C01B4BB1695494F0064AD49 /* HBBridgedObjectManager.m in Sources */,
				4C01B4C116954ED20064AD49 /* HBBridgedObjectManager+BridgedAPI.m in Sources */,
				4C01B4CB169560960064AD49 /* UIViewController+BridgedAPI.m in Sources */,
				4C01B4D516958CC00064AD49 /* HBBridgedClass.m in Sources */,
				4C01B4D816958DFD0064AD49 /* HBBridgedClass+BridgedAPI.m in Sources */,
				4C01B4DF1695C4110064AD49 /* UINavigationController+BridgedAPI.m in Sources */,
				4CB19C141696F42E003083FF /* HBUtil.m in Sources */,
				4C66081816981A7E003C3852 /* HBExecutionUnit+BridgedAPI.m in Sources */,
				4CB8F18A169ADD4D0089163F /* HBCallback.m in Sources */,
				4CB8F18E169AEA200089163F /* HBObjectNormalizer.m in Sources */,
			);
			runOnlyForDeploymentPostprocessing = 0;
		};
		4C690798169036E600132B2E /* Sources */ = {
			isa = PBXSourcesBuildPhase;
			buildActionMask = 2147483647;
			files = (
				4C6907AC169036E600132B2E /* HoriBrowserTests.m in Sources */,
				4C01B49F1693DBC70064AD49 /* HBJSONSerialization_Test.m in Sources */,
				4C01B4BE16954C890064AD49 /* HBBridgedObjectManager_Test.m in Sources */,
			);
			runOnlyForDeploymentPostprocessing = 0;
		};
/* End PBXSourcesBuildPhase section */

/* Begin PBXTargetDependency section */
		4C6907A3169036E600132B2E /* PBXTargetDependency */ = {
			isa = PBXTargetDependency;
			target = 4C69077B169036E600132B2E /* HoriBrowser */;
			targetProxy = 4C6907A2169036E600132B2E /* PBXContainerItemProxy */;
		};
/* End PBXTargetDependency section */

/* Begin PBXVariantGroup section */
		4C690789169036E600132B2E /* InfoPlist.strings */ = {
			isa = PBXVariantGroup;
			children = (
				4C69078A169036E600132B2E /* en */,
			);
			name = InfoPlist.strings;
			sourceTree = "<group>";
		};
		4C6907A7169036E600132B2E /* InfoPlist.strings */ = {
			isa = PBXVariantGroup;
			children = (
				4C6907A8169036E600132B2E /* en */,
			);
			name = InfoPlist.strings;
			sourceTree = "<group>";
		};
/* End PBXVariantGroup section */

/* Begin XCBuildConfiguration section */
		4C6907AD169036E600132B2E /* Debug */ = {
			isa = XCBuildConfiguration;
			buildSettings = {
				ALWAYS_SEARCH_USER_PATHS = NO;
				CLANG_CXX_LANGUAGE_STANDARD = "gnu++0x";
				CLANG_CXX_LIBRARY = "libc++";
				CLANG_WARN_EMPTY_BODY = YES;
				CLANG_WARN__DUPLICATE_METHOD_MATCH = YES;
				"CODE_SIGN_IDENTITY[sdk=iphoneos*]" = "iPhone Developer";
				COPY_PHASE_STRIP = NO;
				GCC_C_LANGUAGE_STANDARD = gnu99;
				GCC_DYNAMIC_NO_PIC = NO;
				GCC_OPTIMIZATION_LEVEL = 0;
				GCC_PREPROCESSOR_DEFINITIONS = (
					"DEBUG=1",
					"$(inherited)",
				);
				GCC_SYMBOLS_PRIVATE_EXTERN = NO;
				GCC_WARN_ABOUT_RETURN_TYPE = YES;
				GCC_WARN_UNINITIALIZED_AUTOS = YES;
				GCC_WARN_UNUSED_VARIABLE = YES;
				IPHONEOS_DEPLOYMENT_TARGET = 6.0;
				ONLY_ACTIVE_ARCH = YES;
				SDKROOT = iphoneos;
				TARGETED_DEVICE_FAMILY = "1,2";
			};
			name = Debug;
		};
		4C6907AE169036E600132B2E /* Release */ = {
			isa = XCBuildConfiguration;
			buildSettings = {
				ALWAYS_SEARCH_USER_PATHS = NO;
				CLANG_CXX_LANGUAGE_STANDARD = "gnu++0x";
				CLANG_CXX_LIBRARY = "libc++";
				CLANG_WARN_EMPTY_BODY = YES;
				CLANG_WARN__DUPLICATE_METHOD_MATCH = YES;
				"CODE_SIGN_IDENTITY[sdk=iphoneos*]" = "iPhone Developer";
				COPY_PHASE_STRIP = YES;
				GCC_C_LANGUAGE_STANDARD = gnu99;
				GCC_WARN_ABOUT_RETURN_TYPE = YES;
				GCC_WARN_UNINITIALIZED_AUTOS = YES;
				GCC_WARN_UNUSED_VARIABLE = YES;
				IPHONEOS_DEPLOYMENT_TARGET = 6.0;
				OTHER_CFLAGS = "-DNS_BLOCK_ASSERTIONS=1";
				SDKROOT = iphoneos;
				TARGETED_DEVICE_FAMILY = "1,2";
				VALIDATE_PRODUCT = YES;
			};
			name = Release;
		};
		4C6907B0169036E600132B2E /* Debug */ = {
			isa = XCBuildConfiguration;
			buildSettings = {
				GCC_PRECOMPILE_PREFIX_HEADER = YES;
				GCC_PREFIX_HEADER = "HoriBrowser/HoriBrowser-Prefix.pch";
				INFOPLIST_FILE = "HoriBrowser/HoriBrowser-Info.plist";
				PRODUCT_NAME = "$(TARGET_NAME)";
				WRAPPER_EXTENSION = app;
			};
			name = Debug;
		};
		4C6907B1169036E600132B2E /* Release */ = {
			isa = XCBuildConfiguration;
			buildSettings = {
				GCC_PRECOMPILE_PREFIX_HEADER = YES;
				GCC_PREFIX_HEADER = "HoriBrowser/HoriBrowser-Prefix.pch";
				INFOPLIST_FILE = "HoriBrowser/HoriBrowser-Info.plist";
				PRODUCT_NAME = "$(TARGET_NAME)";
				WRAPPER_EXTENSION = app;
			};
			name = Release;
		};
		4C6907B3169036E600132B2E /* Debug */ = {
			isa = XCBuildConfiguration;
			buildSettings = {
				BUNDLE_LOADER = "$(BUILT_PRODUCTS_DIR)/HoriBrowser.app/HoriBrowser";
				FRAMEWORK_SEARCH_PATHS = (
					"\"$(SDKROOT)/Developer/Library/Frameworks\"",
					"\"$(DEVELOPER_LIBRARY_DIR)/Frameworks\"",
				);
				GCC_PRECOMPILE_PREFIX_HEADER = YES;
				GCC_PREFIX_HEADER = "HoriBrowser/HoriBrowser-Prefix.pch";
				INFOPLIST_FILE = "HoriBrowserTests/HoriBrowserTests-Info.plist";
				PRODUCT_NAME = "$(TARGET_NAME)";
				TEST_HOST = "$(BUNDLE_LOADER)";
				WRAPPER_EXTENSION = octest;
			};
			name = Debug;
		};
		4C6907B4169036E600132B2E /* Release */ = {
			isa = XCBuildConfiguration;
			buildSettings = {
				BUNDLE_LOADER = "$(BUILT_PRODUCTS_DIR)/HoriBrowser.app/HoriBrowser";
				FRAMEWORK_SEARCH_PATHS = (
					"\"$(SDKROOT)/Developer/Library/Frameworks\"",
					"\"$(DEVELOPER_LIBRARY_DIR)/Frameworks\"",
				);
				GCC_PRECOMPILE_PREFIX_HEADER = YES;
				GCC_PREFIX_HEADER = "HoriBrowser/HoriBrowser-Prefix.pch";
				INFOPLIST_FILE = "HoriBrowserTests/HoriBrowserTests-Info.plist";
				PRODUCT_NAME = "$(TARGET_NAME)";
				TEST_HOST = "$(BUNDLE_LOADER)";
				WRAPPER_EXTENSION = octest;
			};
			name = Release;
		};
/* End XCBuildConfiguration section */

/* Begin XCConfigurationList section */
		4C690776169036E600132B2E /* Build configuration list for PBXProject "HoriBrowser" */ = {
			isa = XCConfigurationList;
			buildConfigurations = (
				4C6907AD169036E600132B2E /* Debug */,
				4C6907AE169036E600132B2E /* Release */,
			);
			defaultConfigurationIsVisible = 0;
			defaultConfigurationName = Release;
		};
		4C6907AF169036E600132B2E /* Build configuration list for PBXNativeTarget "HoriBrowser" */ = {
			isa = XCConfigurationList;
			buildConfigurations = (
				4C6907B0169036E600132B2E /* Debug */,
				4C6907B1169036E600132B2E /* Release */,
			);
			defaultConfigurationIsVisible = 0;
			defaultConfigurationName = Release;
		};
		4C6907B2169036E600132B2E /* Build configuration list for PBXNativeTarget "HoriBrowserTests" */ = {
			isa = XCConfigurationList;
			buildConfigurations = (
				4C6907B3169036E600132B2E /* Debug */,
				4C6907B4169036E600132B2E /* Release */,
			);
			defaultConfigurationIsVisible = 0;
			defaultConfigurationName = Release;
		};
/* End XCConfigurationList section */
	};
	rootObject = 4C690773169036E600132B2E /* Project object */;
}
